
Microsoft Visual Studio Solution File, Format Version 12.00
# Visual Studio 15
Project("{FAE04EC0-301F-11D3-BF4B-00C04F79EFBC}") = "Assembly-CSharp", "Assembly-CSharp.csproj", "{CE2DCDED-8E31-EF7D-D305-64B23AED2479}"
EndProject
Project("{FAE04EC0-301F-11D3-BF4B-00C04F79EFBC}") = "Unity.XR.Interaction.Toolkit.Samples.StarterAssets", "Unity.XR.Interaction.Toolkit.Samples.StarterAssets.csproj", "{5ECE46DB-FB26-7DFA-76FB-BB526F074112}"
EndProject
Project("{FAE04EC0-301F-11D3-BF4B-00C04F79EFBC}") = "Unity.XR.Interaction.Toolkit.Samples.DeviceSimulator", "Unity.XR.Interaction.Toolkit.Samples.DeviceSimulator.csproj", "{88492657-2DE6-687A-1EEC-E1A674AED113}"
EndProject
Project("{FAE04EC0-301F-11D3-BF4B-00C04F79EFBC}") = "Unity.XR.Interaction.Toolkit.Samples.StarterAssets.Editor", "Unity.XR.Interaction.Toolkit.Samples.StarterAssets.Editor.csproj", "{4E1E6C95-7BEA-AA9B-7284-D8C5FDEA8E76}"
EndProject
Global
	GlobalSection(SolutionConfigurationPlatforms) = preSolution
		Debug|Any CPU = Debug|Any CPU
		Release|Any CPU = Release|Any CPU
	EndGlobalSection
	GlobalSection(ProjectConfigurationPlatforms) = postSolution
		{CE2DCDED-8E31-EF7D-D305-64B23AED2479}.Debug|Any CPU.ActiveCfg = Debug|Any CPU
		{CE2DCDED-8E31-EF7D-D305-64B23AED2479}.Debug|Any CPU.Build.0 = Debug|Any CPU
		{CE2DCDED-8E31-EF7D-D305-64B23AED2479}.Release|Any CPU.ActiveCfg = Release|Any CPU
		{CE2DCDED-8E31-EF7D-D305-64B23AED2479}.Release|Any CPU.Build.0 = Release|Any CPU
		{5ECE46DB-FB26-7DFA-76FB-BB526F074112}.Debug|Any CPU.ActiveCfg = Debug|Any CPU
		{5ECE46DB-FB26-7DFA-76FB-BB526F074112}.Debug|Any CPU.Build.0 = Debug|Any CPU
		{5ECE46DB-FB26-7DFA-76FB-BB526F074112}.Release|Any CPU.ActiveCfg = Release|Any CPU
		{5ECE46DB-FB26-7DFA-76FB-BB526F074112}.Release|Any CPU.Build.0 = Release|Any CPU
		{88492657-2DE6-687A-1EEC-E1A674AED113}.Debug|Any CPU.ActiveCfg = Debug|Any CPU
		{88492657-2DE6-687A-1EEC-E1A674AED113}.Debug|Any CPU.Build.0 = Debug|Any CPU
		{88492657-2DE6-687A-1EEC-E1A674AED113}.Release|Any CPU.ActiveCfg = Release|Any CPU
		{88492657-2DE6-687A-1EEC-E1A674AED113}.Release|Any CPU.Build.0 = Release|Any CPU
		{4E1E6C95-7BEA-AA9B-7284-D8C5FDEA8E76}.Debug|Any CPU.ActiveCfg = Debug|Any CPU
		{4E1E6C95-7BEA-AA9B-7284-D8C5FDEA8E76}.Debug|Any CPU.Build.0 = Debug|Any CPU
		{4E1E6C95-7BEA-AA9B-7284-D8C5FDEA8E76}.Release|Any CPU.ActiveCfg = Release|Any CPU
		{4E1E6C95-7BEA-AA9B-7284-D8C5FDEA8E76}.Release|Any CPU.Build.0 = Release|Any CPU
	EndGlobalSection
	GlobalSection(SolutionProperties) = preSolution
		HideSolutionNode = FALSE
	EndGlobalSection
EndGlobal
